{
  "name": "animated-stickers",
  "version": "1.0.0",
  "lockfileVersion": 2,
  "requires": true,
  "packages": {
    "": {
      "name": "animated-stickers",
      "version": "1.0.0",
      "license": "ISC",
      "devDependencies": {
        "types-for-adobe": "^7.2.5"
      }
    },
    "node_modules/types-for-adobe": {
      "version": "7.2.5",
      "resolved": "https://registry.npmjs.org/types-for-adobe/-/types-for-adobe-7.2.5.tgz",
      "integrity": "sha512-QUoHmjFbA/g+DnFMYwcNcGczDgcPmbtIYcmfDQZEUmtLK51W91BUlyMOdRUyuxQ8VjNuvROAjbORCz8iaML4hg==",
      "dev": true
    }
  },
  "dependencies": {
    "types-for-adobe": {
      "version": "7.2.5",
      "resolved": "https://registry.npmjs.org/types-for-adobe/-/types-for-adobe-7.2.5.tgz",
      "integrity": "sha512-QUoHmjFbA/g+DnFMYwcNcGczDgcPmbtIYcmfDQZEUmtLK51W91BUlyMOdRUyuxQ8VjNuvROAjbORCz8iaML4hg==",
      "dev": true
    }
  }
}
